
Microsoft Visual Studio Solution File, Format Version 12.00
# Visual Studio 14
VisualStudioVersion = 14.0.24720.0
MinimumVisualStudioVersion = 10.0.40219.1
Project("{FAE04EC0-301F-11D3-BF4B-00C04F79EFBC}") = "Task1", "Task1\Task1.csproj", "{05DF4D8B-E63B-4F07-895D-0A9DC94EB679}"
EndProject
Project("{FAE04EC0-301F-11D3-BF4B-00C04F79EFBC}") = "Task2", "Task2\Task2.csproj", "{5700AB23-D8EE-4A2D-8389-2C35C356A015}"
EndProject
Project("{FAE04EC0-301F-11D3-BF4B-00C04F79EFBC}") = "Task2.Tests", "Task2.Tests\Task2.Tests.csproj", "{FD405B63-075C-4E4F-BB70-CAD7EB559D69}"
EndProject
Project("{FAE04EC0-301F-11D3-BF4B-00C04F79EFBC}") = "Task1.ConsoleTests", "Task1.ConsoleTests\Task1.ConsoleTests.csproj", "{62605F28-93F4-4A2D-B604-C56FA7583E13}"
EndProject
Global
	GlobalSection(SolutionConfigurationPlatforms) = preSolution
		Debug|Any CPU = Debug|Any CPU
		Release|Any CPU = Release|Any CPU
	EndGlobalSection
	GlobalSection(ProjectConfigurationPlatforms) = postSolution
		{05DF4D8B-E63B-4F07-895D-0A9DC94EB679}.Debug|Any CPU.ActiveCfg = Debug|Any CPU
		{05DF4D8B-E63B-4F07-895D-0A9DC94EB679}.Debug|Any CPU.Build.0 = Debug|Any CPU
		{05DF4D8B-E63B-4F07-895D-0A9DC94EB679}.Release|Any CPU.ActiveCfg = Release|Any CPU
		{05DF4D8B-E63B-4F07-895D-0A9DC94EB679}.Release|Any CPU.Build.0 = Release|Any CPU
		{5700AB23-D8EE-4A2D-8389-2C35C356A015}.Debug|Any CPU.ActiveCfg = Debug|Any CPU
		{5700AB23-D8EE-4A2D-8389-2C35C356A015}.Debug|Any CPU.Build.0 = Debug|Any CPU
		{5700AB23-D8EE-4A2D-8389-2C35C356A015}.Release|Any CPU.ActiveCfg = Release|Any CPU
		{5700AB23-D8EE-4A2D-8389-2C35C356A015}.Release|Any CPU.Build.0 = Release|Any CPU
		{FD405B63-075C-4E4F-BB70-CAD7EB559D69}.Debug|Any CPU.ActiveCfg = Debug|Any CPU
		{FD405B63-075C-4E4F-BB70-CAD7EB559D69}.Debug|Any CPU.Build.0 = Debug|Any CPU
		{FD405B63-075C-4E4F-BB70-CAD7EB559D69}.Release|Any CPU.ActiveCfg = Release|Any CPU
		{FD405B63-075C-4E4F-BB70-CAD7EB559D69}.Release|Any CPU.Build.0 = Release|Any CPU
		{62605F28-93F4-4A2D-B604-C56FA7583E13}.Debug|Any CPU.ActiveCfg = Debug|Any CPU
		{62605F28-93F4-4A2D-B604-C56FA7583E13}.Debug|Any CPU.Build.0 = Debug|Any CPU
		{62605F28-93F4-4A2D-B604-C56FA7583E13}.Release|Any CPU.ActiveCfg = Release|Any CPU
		{62605F28-93F4-4A2D-B604-C56FA7583E13}.Release|Any CPU.Build.0 = Release|Any CPU
	EndGlobalSection
	GlobalSection(SolutionProperties) = preSolution
		HideSolutionNode = FALSE
	EndGlobalSection
EndGlobal
